
Microsoft Visual Studio Solution File, Format Version 12.00
# Visual Studio 15
VisualStudioVersion = 15.0.28307.572
MinimumVisualStudioVersion = 10.0.40219.1
Project("{FAE04EC0-301F-11D3-BF4B-00C04F79EFBC}") = "Ejemplo731Model", "Ejemplo731Model\Ejemplo731Model.csproj", "{12432688-1FB8-473F-BA12-BBE73F08F22E}"
EndProject
Project("{FAE04EC0-301F-11D3-BF4B-00C04F79EFBC}") = "Ejemplo731App", "Ejemplo731App\Ejemplo731App.csproj", "{195667A5-0430-4616-9523-39522CC690B6}"
EndProject
Global
	GlobalSection(SolutionConfigurationPlatforms) = preSolution
		Debug|Any CPU = Debug|Any CPU
		Release|Any CPU = Release|Any CPU
	EndGlobalSection
	GlobalSection(ProjectConfigurationPlatforms) = postSolution
		{12432688-1FB8-473F-BA12-BBE73F08F22E}.Debug|Any CPU.ActiveCfg = Debug|Any CPU
		{12432688-1FB8-473F-BA12-BBE73F08F22E}.Debug|Any CPU.Build.0 = Debug|Any CPU
		{12432688-1FB8-473F-BA12-BBE73F08F22E}.Release|Any CPU.ActiveCfg = Release|Any CPU
		{12432688-1FB8-473F-BA12-BBE73F08F22E}.Release|Any CPU.Build.0 = Release|Any CPU
		{195667A5-0430-4616-9523-39522CC690B6}.Debug|Any CPU.ActiveCfg = Debug|Any CPU
		{195667A5-0430-4616-9523-39522CC690B6}.Debug|Any CPU.Build.0 = Debug|Any CPU
		{195667A5-0430-4616-9523-39522CC690B6}.Release|Any CPU.ActiveCfg = Release|Any CPU
		{195667A5-0430-4616-9523-39522CC690B6}.Release|Any CPU.Build.0 = Release|Any CPU
	EndGlobalSection
	GlobalSection(SolutionProperties) = preSolution
		HideSolutionNode = FALSE
	EndGlobalSection
	GlobalSection(ExtensibilityGlobals) = postSolution
		SolutionGuid = {400B3A5A-6DA5-4202-9131-C5C3565A0359}
	EndGlobalSection
EndGlobal
